
Microsoft Visual Studio Solution File, Format Version 12.00
# Visual Studio Version 16
VisualStudioVersion = 16.0.31321.278
MinimumVisualStudioVersion = 10.0.40219.1
Project("{FAE04EC0-301F-11D3-BF4B-00C04F79EFBC}") = "WinUI", "WinUI\WinUI.csproj", "{9F5C5D08-9873-4DE5-8491-4682A7785477}"
EndProject
Project("{FAE04EC0-301F-11D3-BF4B-00C04F79EFBC}") = "DatamanLib", "DatamanLib\DatamanLib.csproj", "{43C9FCC1-B7F4-4976-9DDB-C45A797337A3}"
EndProject
Global
	GlobalSection(SolutionConfigurationPlatforms) = preSolution
		Debug|Any CPU = Debug|Any CPU
		Release|Any CPU = Release|Any CPU
	EndGlobalSection
	GlobalSection(ProjectConfigurationPlatforms) = postSolution
		{9F5C5D08-9873-4DE5-8491-4682A7785477}.Debug|Any CPU.ActiveCfg = Debug|Any CPU
		{9F5C5D08-9873-4DE5-8491-4682A7785477}.Debug|Any CPU.Build.0 = Debug|Any CPU
		{9F5C5D08-9873-4DE5-8491-4682A7785477}.Release|Any CPU.ActiveCfg = Release|Any CPU
		{9F5C5D08-9873-4DE5-8491-4682A7785477}.Release|Any CPU.Build.0 = Release|Any CPU
		{43C9FCC1-B7F4-4976-9DDB-C45A797337A3}.Debug|Any CPU.ActiveCfg = Debug|Any CPU
		{43C9FCC1-B7F4-4976-9DDB-C45A797337A3}.Debug|Any CPU.Build.0 = Debug|Any CPU
		{43C9FCC1-B7F4-4976-9DDB-C45A797337A3}.Release|Any CPU.ActiveCfg = Release|Any CPU
		{43C9FCC1-B7F4-4976-9DDB-C45A797337A3}.Release|Any CPU.Build.0 = Release|Any CPU
	EndGlobalSection
	GlobalSection(SolutionProperties) = preSolution
		HideSolutionNode = FALSE
	EndGlobalSection
	GlobalSection(ExtensibilityGlobals) = postSolution
		SolutionGuid = {8BD914B1-FAB4-4892-91BD-44C875FD4D70}
	EndGlobalSection
EndGlobal
